// !$*UTF8*$!
{
	archiveVersion = 1;
	classes = {
	};
	objectVersion = 50;
	objects = {

/* Begin PBXBuildFile section */
		2AD2A102252968C90028A019 /* DesignCodeIOS14App.swift in Sources */ = {isa = PBXBuildFile; fileRef = 2AD2A101252968C90028A019 /* DesignCodeIOS14App.swift */; };
		2AD2A104252968C90028A019 /* ContentView.swift in Sources */ = {isa = PBXBuildFile; fileRef = 2AD2A103252968C90028A019 /* ContentView.swift */; };
		2AD2A106252968CC0028A019 /* Assets.xcassets in Resources */ = {isa = PBXBuildFile; fileRef = 2AD2A105252968CC0028A019 /* Assets.xcassets */; };
		2AD2A109252968CC0028A019 /* Preview Assets.xcassets in Resources */ = {isa = PBXBuildFile; fileRef = 2AD2A108252968CC0028A019 /* Preview Assets.xcassets */; };
		2AD2A114252968CC0028A019 /* DesignCodeIOS14Tests.swift in Sources */ = {isa = PBXBuildFile; fileRef = 2AD2A113252968CC0028A019 /* DesignCodeIOS14Tests.swift */; };
		2AD2A11F252968CC0028A019 /* DesignCodeIOS14UITests.swift in Sources */ = {isa = PBXBuildFile; fileRef = 2AD2A11E252968CC0028A019 /* DesignCodeIOS14UITests.swift */; };
		2AD2A13025296C640028A019 /* CurseRow.swift in Sources */ = {isa = PBXBuildFile; fileRef = 2AD2A12F25296C640028A019 /* CurseRow.swift */; };
		2AD2A13525296E810028A019 /* CurseView.swift in Sources */ = {isa = PBXBuildFile; fileRef = 2AD2A13425296E810028A019 /* CurseView.swift */; };
		2AD2A13A25296F2D0028A019 /* Sidebar.swift in Sources */ = {isa = PBXBuildFile; fileRef = 2AD2A13925296F2D0028A019 /* Sidebar.swift */; };
		2AD2A13F252973C00028A019 /* CurseItem.swift in Sources */ = {isa = PBXBuildFile; fileRef = 2AD2A13E252973C00028A019 /* CurseItem.swift */; };
		2AD2A155252975540028A019 /* CurseList.swift in Sources */ = {isa = PBXBuildFile; fileRef = 2AD2A154252975540028A019 /* CurseList.swift */; };
		2AD2A15B252989160028A019 /* Course.swift in Sources */ = {isa = PBXBuildFile; fileRef = 2AD2A15A252989160028A019 /* Course.swift */; };
		2AD2A1632529C3BA0028A019 /* CloseButton.swift in Sources */ = {isa = PBXBuildFile; fileRef = 2AD2A1622529C3BA0028A019 /* CloseButton.swift */; };
/* End PBXBuildFile section */

/* Begin PBXContainerItemProxy section */
		2AD2A110252968CC0028A019 /* PBXContainerItemProxy */ = {
			isa = PBXContainerItemProxy;
			containerPortal = 2AD2A0F6252968C90028A019 /* Project object */;
			proxyType = 1;
			remoteGlobalIDString = 2AD2A0FD252968C90028A019;
			remoteInfo = DesignCodeIOS14;
		};
		2AD2A11B252968CC0028A019 /* PBXContainerItemProxy */ = {
			isa = PBXContainerItemProxy;
			containerPortal = 2AD2A0F6252968C90028A019 /* Project object */;
			proxyType = 1;
			remoteGlobalIDString = 2AD2A0FD252968C90028A019;
			remoteInfo = DesignCodeIOS14;
		};
/* End PBXContainerItemProxy section */

/* Begin PBXFileReference section */
		2AD2A0FE252968C90028A019 /* DesignCodeIOS14.app */ = {isa = PBXFileReference; explicitFileType = wrapper.application; includeInIndex = 0; path = DesignCodeIOS14.app; sourceTree = BUILT_PRODUCTS_DIR; };
		2AD2A101252968C90028A019 /* DesignCodeIOS14App.swift */ = {isa = PBXFileReference; lastKnownFileType = sourcecode.swift; path = DesignCodeIOS14App.swift; sourceTree = "<group>"; };
		2AD2A103252968C90028A019 /* ContentView.swift */ = {isa = PBXFileReference; lastKnownFileType = sourcecode.swift; path = ContentView.swift; sourceTree = "<group>"; };
		2AD2A105252968CC0028A019 /* Assets.xcassets */ = {isa = PBXFileReference; lastKnownFileType = folder.assetcatalog; path = Assets.xcassets; sourceTree = "<group>"; };
		2AD2A108252968CC0028A019 /* Preview Assets.xcassets */ = {isa = PBXFileReference; lastKnownFileType = folder.assetcatalog; path = "Preview Assets.xcassets"; sourceTree = "<group>"; };
		2AD2A10A252968CC0028A019 /* Info.plist */ = {isa = PBXFileReference; lastKnownFileType = text.plist.xml; path = Info.plist; sourceTree = "<group>"; };
		2AD2A10F252968CC0028A019 /* DesignCodeIOS14Tests.xctest */ = {isa = PBXFileReference; explicitFileType = wrapper.cfbundle; includeInIndex = 0; path = DesignCodeIOS14Tests.xctest; sourceTree = BUILT_PRODUCTS_DIR; };
		2AD2A113252968CC0028A019 /* DesignCodeIOS14Tests.swift */ = {isa = PBXFileReference; lastKnownFileType = sourcecode.swift; path = DesignCodeIOS14Tests.swift; sourceTree = "<group>"; };
		2AD2A115252968CC0028A019 /* Info.plist */ = {isa = PBXFileReference; lastKnownFileType = text.plist.xml; path = Info.plist; sourceTree = "<group>"; };
		2AD2A11A252968CC0028A019 /* DesignCodeIOS14UITests.xctest */ = {isa = PBXFileReference; explicitFileType = wrapper.cfbundle; includeInIndex = 0; path = DesignCodeIOS14UITests.xctest; sourceTree = BUILT_PRODUCTS_DIR; };
		2AD2A11E252968CC0028A019 /* DesignCodeIOS14UITests.swift */ = {isa = PBXFileReference; lastKnownFileType = sourcecode.swift; path = DesignCodeIOS14UITests.swift; sourceTree = "<group>"; };
		2AD2A120252968CC0028A019 /* Info.plist */ = {isa = PBXFileReference; lastKnownFileType = text.plist.xml; path = Info.plist; sourceTree = "<group>"; };
		2AD2A12F25296C640028A019 /* CurseRow.swift */ = {isa = PBXFileReference; lastKnownFileType = sourcecode.swift; path = CurseRow.swift; sourceTree = "<group>"; };
		2AD2A13425296E810028A019 /* CurseView.swift */ = {isa = PBXFileReference; lastKnownFileType = sourcecode.swift; path = CurseView.swift; sourceTree = "<group>"; };
		2AD2A13925296F2D0028A019 /* Sidebar.swift */ = {isa = PBXFileReference; lastKnownFileType = sourcecode.swift; path = Sidebar.swift; sourceTree = "<group>"; };
		2AD2A13E252973C00028A019 /* CurseItem.swift */ = {isa = PBXFileReference; lastKnownFileType = sourcecode.swift; path = CurseItem.swift; sourceTree = "<group>"; };
		2AD2A154252975540028A019 /* CurseList.swift */ = {isa = PBXFileReference; lastKnownFileType = sourcecode.swift; path = CurseList.swift; sourceTree = "<group>"; };
		2AD2A15A252989160028A019 /* Course.swift */ = {isa = PBXFileReference; lastKnownFileType = sourcecode.swift; path = Course.swift; sourceTree = "<group>"; };
		2AD2A1622529C3BA0028A019 /* CloseButton.swift */ = {isa = PBXFileReference; lastKnownFileType = sourcecode.swift; path = CloseButton.swift; sourceTree = "<group>"; };
/* End PBXFileReference section */

/* Begin PBXFrameworksBuildPhase section */
		2AD2A0FB252968C90028A019 /* Frameworks */ = {
			isa = PBXFrameworksBuildPhase;
			buildActionMask = 2147483647;
			files = (
			);
			runOnlyForDeploymentPostprocessing = 0;
		};
		2AD2A10C252968CC0028A019 /* Frameworks */ = {
			isa = PBXFrameworksBuildPhase;
			buildActionMask = 2147483647;
			files = (
			);
			runOnlyForDeploymentPostprocessing = 0;
		};
		2AD2A117252968CC0028A019 /* Frameworks */ = {
			isa = PBXFrameworksBuildPhase;
			buildActionMask = 2147483647;
			files = (
			);
			runOnlyForDeploymentPostprocessing = 0;
		};
/* End PBXFrameworksBuildPhase section */

/* Begin PBXGroup section */
		2AD2A0F5252968C90028A019 = {
			isa = PBXGroup;
			children = (
				2AD2A100252968C90028A019 /* DesignCodeIOS14 */,
				2AD2A112252968CC0028A019 /* DesignCodeIOS14Tests */,
				2AD2A11D252968CC0028A019 /* DesignCodeIOS14UITests */,
				2AD2A0FF252968C90028A019 /* Products */,
			);
			sourceTree = "<group>";
		};
		2AD2A0FF252968C90028A019 /* Products */ = {
			isa = PBXGroup;
			children = (
				2AD2A0FE252968C90028A019 /* DesignCodeIOS14.app */,
				2AD2A10F252968CC0028A019 /* DesignCodeIOS14Tests.xctest */,
				2AD2A11A252968CC0028A019 /* DesignCodeIOS14UITests.xctest */,
			);
			name = Products;
			sourceTree = "<group>";
		};
		2AD2A100252968C90028A019 /* DesignCodeIOS14 */ = {
			isa = PBXGroup;
			children = (
				2AD2A101252968C90028A019 /* DesignCodeIOS14App.swift */,
				2AD2A159252988E30028A019 /* Model */,
				2AD2A143252974790028A019 /* Navigation */,
				2AD2A147252974990028A019 /* items */,
				2AD2A13425296E810028A019 /* CurseView.swift */,
				2AD2A1622529C3BA0028A019 /* CloseButton.swift */,
				2AD2A154252975540028A019 /* CurseList.swift */,
				2AD2A105252968CC0028A019 /* Assets.xcassets */,
				2AD2A10A252968CC0028A019 /* Info.plist */,
				2AD2A107252968CC0028A019 /* Preview Content */,
			);
			path = DesignCodeIOS14;
			sourceTree = "<group>";
		};
		2AD2A107252968CC0028A019 /* Preview Content */ = {
			isa = PBXGroup;
			children = (
				2AD2A108252968CC0028A019 /* Preview Assets.xcassets */,
			);
			path = "Preview Content";
			sourceTree = "<group>";
		};
		2AD2A112252968CC0028A019 /* DesignCodeIOS14Tests */ = {
			isa = PBXGroup;
			children = (
				2AD2A113252968CC0028A019 /* DesignCodeIOS14Tests.swift */,
				2AD2A115252968CC0028A019 /* Info.plist */,
			);
			path = DesignCodeIOS14Tests;
			sourceTree = "<group>";
		};
		2AD2A11D252968CC0028A019 /* DesignCodeIOS14UITests */ = {
			isa = PBXGroup;
			children = (
				2AD2A11E252968CC0028A019 /* DesignCodeIOS14UITests.swift */,
				2AD2A120252968CC0028A019 /* Info.plist */,
			);
			path = DesignCodeIOS14UITests;
			sourceTree = "<group>";
		};
		2AD2A143252974790028A019 /* Navigation */ = {
			isa = PBXGroup;
			children = (
				2AD2A13925296F2D0028A019 /* Sidebar.swift */,
				2AD2A103252968C90028A019 /* ContentView.swift */,
			);
			path = Navigation;
			sourceTree = "<group>";
		};
		2AD2A147252974990028A019 /* items */ = {
			isa = PBXGroup;
			children = (
				2AD2A12F25296C640028A019 /* CurseRow.swift */,
				2AD2A13E252973C00028A019 /* CurseItem.swift */,
			);
			path = items;
			sourceTree = "<group>";
		};
		2AD2A159252988E30028A019 /* Model */ = {
			isa = PBXGroup;
			children = (
				2AD2A15A252989160028A019 /* Course.swift */,
			);
			path = Model;
			sourceTree = "<group>";
		};
/* End PBXGroup section */

/* Begin PBXNativeTarget section */
		2AD2A0FD252968C90028A019 /* DesignCodeIOS14 */ = {
			isa = PBXNativeTarget;
			buildConfigurationList = 2AD2A123252968CC0028A019 /* Build configuration list for PBXNativeTarget "DesignCodeIOS14" */;
			buildPhases = (
				2AD2A0FA252968C90028A019 /* Sources */,
				2AD2A0FB252968C90028A019 /* Frameworks */,
				2AD2A0FC252968C90028A019 /* Resources */,
			);
			buildRules = (
			);
			dependencies = (
			);
			name = DesignCodeIOS14;
			productName = DesignCodeIOS14;
			productReference = 2AD2A0FE252968C90028A019 /* DesignCodeIOS14.app */;
			productType = "com.apple.product-type.application";
		};
		2AD2A10E252968CC0028A019 /* DesignCodeIOS14Tests */ = {
			isa = PBXNativeTarget;
			buildConfigurationList = 2AD2A126252968CC0028A019 /* Build configuration list for PBXNativeTarget "DesignCodeIOS14Tests" */;
			buildPhases = (
				2AD2A10B252968CC0028A019 /* Sources */,
				2AD2A10C252968CC0028A019 /* Frameworks */,
				2AD2A10D252968CC0028A019 /* Resources */,
			);
			buildRules = (
			);
			dependencies = (
				2AD2A111252968CC0028A019 /* PBXTargetDependency */,
			);
			name = DesignCodeIOS14Tests;
			productName = DesignCodeIOS14Tests;
			productReference = 2AD2A10F252968CC0028A019 /* DesignCodeIOS14Tests.xctest */;
			productType = "com.apple.product-type.bundle.unit-test";
		};
		2AD2A119252968CC0028A019 /* DesignCodeIOS14UITests */ = {
			isa = PBXNativeTarget;
			buildConfigurationList = 2AD2A129252968CC0028A019 /* Build configuration list for PBXNativeTarget "DesignCodeIOS14UITests" */;
			buildPhases = (
				2AD2A116252968CC0028A019 /* Sources */,
				2AD2A117252968CC0028A019 /* Frameworks */,
				2AD2A118252968CC0028A019 /* Resources */,
			);
			buildRules = (
			);
			dependencies = (
				2AD2A11C252968CC0028A019 /* PBXTargetDependency */,
			);
			name = DesignCodeIOS14UITests;
			productName = DesignCodeIOS14UITests;
			productReference = 2AD2A11A252968CC0028A019 /* DesignCodeIOS14UITests.xctest */;
			productType = "com.apple.product-type.bundle.ui-testing";
		};
/* End PBXNativeTarget section */

/* Begin PBXProject section */
		2AD2A0F6252968C90028A019 /* Project object */ = {
			isa = PBXProject;
			attributes = {
				LastSwiftUpdateCheck = 1200;
				LastUpgradeCheck = 1200;
				TargetAttributes = {
					2AD2A0FD252968C90028A019 = {
						CreatedOnToolsVersion = 12.0.1;
					};
					2AD2A10E252968CC0028A019 = {
						CreatedOnToolsVersion = 12.0.1;
						TestTargetID = 2AD2A0FD252968C90028A019;
					};
					2AD2A119252968CC0028A019 = {
						CreatedOnToolsVersion = 12.0.1;
						TestTargetID = 2AD2A0FD252968C90028A019;
					};
				};
			};
			buildConfigurationList = 2AD2A0F9252968C90028A019 /* Build configuration list for PBXProject "DesignCodeIOS14" */;
			compatibilityVersion = "Xcode 9.3";
			developmentRegion = en;
			hasScannedForEncodings = 0;
			knownRegions = (
				en,
				Base,
			);
			mainGroup = 2AD2A0F5252968C90028A019;
			productRefGroup = 2AD2A0FF252968C90028A019 /* Products */;
			projectDirPath = "";
			projectRoot = "";
			targets = (
				2AD2A0FD252968C90028A019 /* DesignCodeIOS14 */,
				2AD2A10E252968CC0028A019 /* DesignCodeIOS14Tests */,
				2AD2A119252968CC0028A019 /* DesignCodeIOS14UITests */,
			);
		};
/* End PBXProject section */

/* Begin PBXResourcesBuildPhase section */
		2AD2A0FC252968C90028A019 /* Resources */ = {
			isa = PBXResourcesBuildPhase;
			buildActionMask = 2147483647;
			files = (
				2AD2A109252968CC0028A019 /* Preview Assets.xcassets in Resources */,
				2AD2A106252968CC0028A019 /* Assets.xcassets in Resources */,
			);
			runOnlyForDeploymentPostprocessing = 0;
		};
		2AD2A10D252968CC0028A019 /* Resources */ = {
			isa = PBXResourcesBuildPhase;
			buildActionMask = 2147483647;
			files = (
			);
			runOnlyForDeploymentPostprocessing = 0;
		};
		2AD2A118252968CC0028A019 /* Resources */ = {
			isa = PBXResourcesBuildPhase;
			buildActionMask = 2147483647;
			files = (
			);
			runOnlyForDeploymentPostprocessing = 0;
		};
/* End PBXResourcesBuildPhase section */

/* Begin PBXSourcesBuildPhase section */
		2AD2A0FA252968C90028A019 /* Sources */ = {
			isa = PBXSourcesBuildPhase;
			buildActionMask = 2147483647;
			files = (
				2AD2A15B252989160028A019 /* Course.swift in Sources */,
				2AD2A13A25296F2D0028A019 /* Sidebar.swift in Sources */,
				2AD2A155252975540028A019 /* CurseList.swift in Sources */,
				2AD2A1632529C3BA0028A019 /* CloseButton.swift in Sources */,
				2AD2A13F252973C00028A019 /* CurseItem.swift in Sources */,
				2AD2A104252968C90028A019 /* ContentView.swift in Sources */,
				2AD2A102252968C90028A019 /* DesignCodeIOS14App.swift in Sources */,
				2AD2A13025296C640028A019 /* CurseRow.swift in Sources */,
				2AD2A13525296E810028A019 /* CurseView.swift in Sources */,
			);
			runOnlyForDeploymentPostprocessing = 0;
		};
		2AD2A10B252968CC0028A019 /* Sources */ = {
			isa = PBXSourcesBuildPhase;
			buildActionMask = 2147483647;
			files = (
				2AD2A114252968CC0028A019 /* DesignCodeIOS14Tests.swift in Sources */,
			);
			runOnlyForDeploymentPostprocessing = 0;
		};
		2AD2A116252968CC0028A019 /* Sources */ = {
			isa = PBXSourcesBuildPhase;
			buildActionMask = 2147483647;
			files = (
				2AD2A11F252968CC0028A019 /* DesignCodeIOS14UITests.swift in Sources */,
			);
			runOnlyForDeploymentPostprocessing = 0;
		};
/* End PBXSourcesBuildPhase section */

/* Begin PBXTargetDependency section */
		2AD2A111252968CC0028A019 /* PBXTargetDependency */ = {
			isa = PBXTargetDependency;
			target = 2AD2A0FD252968C90028A019 /* DesignCodeIOS14 */;
			targetProxy = 2AD2A110252968CC0028A019 /* PBXContainerItemProxy */;
		};
		2AD2A11C252968CC0028A019 /* PBXTargetDependency */ = {
			isa = PBXTargetDependency;
			target = 2AD2A0FD252968C90028A019 /* DesignCodeIOS14 */;
			targetProxy = 2AD2A11B252968CC0028A019 /* PBXContainerItemProxy */;
		};
/* End PBXTargetDependency section */

/* Begin XCBuildConfiguration section */
		2AD2A121252968CC0028A019 /* Debug */ = {
			isa = XCBuildConfiguration;
			buildSettings = {
				ALWAYS_SEARCH_USER_PATHS = NO;
				CLANG_ANALYZER_NONNULL = YES;
				CLANG_ANALYZER_NUMBER_OBJECT_CONVERSION = YES_AGGRESSIVE;
				CLANG_CXX_LANGUAGE_STANDARD = "gnu++14";
				CLANG_CXX_LIBRARY = "libc++";
				CLANG_ENABLE_MODULES = YES;
				CLANG_ENABLE_OBJC_ARC = YES;
				CLANG_ENABLE_OBJC_WEAK = YES;
				CLANG_WARN_BLOCK_CAPTURE_AUTORELEASING = YES;
				CLANG_WARN_BOOL_CONVERSION = YES;
				CLANG_WARN_COMMA = YES;
				CLANG_WARN_CONSTANT_CONVERSION = YES;
				CLANG_WARN_DEPRECATED_OBJC_IMPLEMENTATIONS = YES;
				CLANG_WARN_DIRECT_OBJC_ISA_USAGE = YES_ERROR;
				CLANG_WARN_DOCUMENTATION_COMMENTS = YES;
				CLANG_WARN_EMPTY_BODY = YES;
				CLANG_WARN_ENUM_CONVERSION = YES;
				CLANG_WARN_INFINITE_RECURSION = YES;
				CLANG_WARN_INT_CONVERSION = YES;
				CLANG_WARN_NON_LITERAL_NULL_CONVERSION = YES;
				CLANG_WARN_OBJC_IMPLICIT_RETAIN_SELF = YES;
				CLANG_WARN_OBJC_LITERAL_CONVERSION = YES;
				CLANG_WARN_OBJC_ROOT_CLASS = YES_ERROR;
				CLANG_WARN_QUOTED_INCLUDE_IN_FRAMEWORK_HEADER = YES;
				CLANG_WARN_RANGE_LOOP_ANALYSIS = YES;
				CLANG_WARN_STRICT_PROTOTYPES = YES;
				CLANG_WARN_SUSPICIOUS_MOVE = YES;
				CLANG_WARN_UNGUARDED_AVAILABILITY = YES_AGGRESSIVE;
				CLANG_WARN_UNREACHABLE_CODE = YES;
				CLANG_WARN__DUPLICATE_METHOD_MATCH = YES;
				COPY_PHASE_STRIP = NO;
				DEBUG_INFORMATION_FORMAT = dwarf;
				ENABLE_STRICT_OBJC_MSGSEND = YES;
				ENABLE_TESTABILITY = YES;
				GCC_C_LANGUAGE_STANDARD = gnu11;
				GCC_DYNAMIC_NO_PIC = NO;
				GCC_NO_COMMON_BLOCKS = YES;
				GCC_OPTIMIZATION_LEVEL = 0;
				GCC_PREPROCESSOR_DEFINITIONS = (
					"DEBUG=1",
					"$(inherited)",
				);
				GCC_WARN_64_TO_32_BIT_CONVERSION = YES;
				GCC_WARN_ABOUT_RETURN_TYPE = YES_ERROR;
				GCC_WARN_UNDECLARED_SELECTOR = YES;
				GCC_WARN_UNINITIALIZED_AUTOS = YES_AGGRESSIVE;
				GCC_WARN_UNUSED_FUNCTION = YES;
				GCC_WARN_UNUSED_VARIABLE = YES;
				IPHONEOS_DEPLOYMENT_TARGET = 14.0;
				MTL_ENABLE_DEBUG_INFO = INCLUDE_SOURCE;
				MTL_FAST_MATH = YES;
				ONLY_ACTIVE_ARCH = YES;
				SDKROOT = iphoneos;
				SWIFT_ACTIVE_COMPILATION_CONDITIONS = DEBUG;
				SWIFT_OPTIMIZATION_LEVEL = "-Onone";
			};
			name = Debug;
		};
		2AD2A122252968CC0028A019 /* Release */ = {
			isa = XCBuildConfiguration;
			buildSettings = {
				ALWAYS_SEARCH_USER_PATHS = NO;
				CLANG_ANALYZER_NONNULL = YES;
				CLANG_ANALYZER_NUMBER_OBJECT_CONVERSION = YES_AGGRESSIVE;
				CLANG_CXX_LANGUAGE_STANDARD = "gnu++14";
				CLANG_CXX_LIBRARY = "libc++";
				CLANG_ENABLE_MODULES = YES;
				CLANG_ENABLE_OBJC_ARC = YES;
				CLANG_ENABLE_OBJC_WEAK = YES;
				CLANG_WARN_BLOCK_CAPTURE_AUTORELEASING = YES;
				CLANG_WARN_BOOL_CONVERSION = YES;
				CLANG_WARN_COMMA = YES;
				CLANG_WARN_CONSTANT_CONVERSION = YES;
				CLANG_WARN_DEPRECATED_OBJC_IMPLEMENTATIONS = YES;
				CLANG_WARN_DIRECT_OBJC_ISA_USAGE = YES_ERROR;
				CLANG_WARN_DOCUMENTATION_COMMENTS = YES;
				CLANG_WARN_EMPTY_BODY = YES;
				CLANG_WARN_ENUM_CONVERSION = YES;
				CLANG_WARN_INFINITE_RECURSION = YES;
				CLANG_WARN_INT_CONVERSION = YES;
				CLANG_WARN_NON_LITERAL_NULL_CONVERSION = YES;
				CLANG_WARN_OBJC_IMPLICIT_RETAIN_SELF = YES;
				CLANG_WARN_OBJC_LITERAL_CONVERSION = YES;
				CLANG_WARN_OBJC_ROOT_CLASS = YES_ERROR;
				CLANG_WARN_QUOTED_INCLUDE_IN_FRAMEWORK_HEADER = YES;
				CLANG_WARN_RANGE_LOOP_ANALYSIS = YES;
				CLANG_WARN_STRICT_PROTOTYPES = YES;
				CLANG_WARN_SUSPICIOUS_MOVE = YES;
				CLANG_WARN_UNGUARDED_AVAILABILITY = YES_AGGRESSIVE;
				CLANG_WARN_UNREACHABLE_CODE = YES;
				CLANG_WARN__DUPLICATE_METHOD_MATCH = YES;
				COPY_PHASE_STRIP = NO;
				DEBUG_INFORMATION_FORMAT = "dwarf-with-dsym";
				ENABLE_NS_ASSERTIONS = NO;
				ENABLE_STRICT_OBJC_MSGSEND = YES;
				GCC_C_LANGUAGE_STANDARD = gnu11;
				GCC_NO_COMMON_BLOCKS = YES;
				GCC_WARN_64_TO_32_BIT_CONVERSION = YES;
				GCC_WARN_ABOUT_RETURN_TYPE = YES_ERROR;
				GCC_WARN_UNDECLARED_SELECTOR = YES;
				GCC_WARN_UNINITIALIZED_AUTOS = YES_AGGRESSIVE;
				GCC_WARN_UNUSED_FUNCTION = YES;
				GCC_WARN_UNUSED_VARIABLE = YES;
				IPHONEOS_DEPLOYMENT_TARGET = 14.0;
				MTL_ENABLE_DEBUG_INFO = NO;
				MTL_FAST_MATH = YES;
				SDKROOT = iphoneos;
				SWIFT_COMPILATION_MODE = wholemodule;
				SWIFT_OPTIMIZATION_LEVEL = "-O";
				VALIDATE_PRODUCT = YES;
			};
			name = Release;
		};
		2AD2A124252968CC0028A019 /* Debug */ = {
			isa = XCBuildConfiguration;
			buildSettings = {
				ASSETCATALOG_COMPILER_APPICON_NAME = AppIcon;
				ASSETCATALOG_COMPILER_GLOBAL_ACCENT_COLOR_NAME = AccentColor;
				CODE_SIGN_STYLE = Automatic;
				DEVELOPMENT_ASSET_PATHS = "\"DesignCodeIOS14/Preview Content\"";
				DEVELOPMENT_TEAM = 8U9H445R8N;
				ENABLE_PREVIEWS = YES;
				INFOPLIST_FILE = DesignCodeIOS14/Info.plist;
				IPHONEOS_DEPLOYMENT_TARGET = 14.0;
				LD_RUNPATH_SEARCH_PATHS = (
					"$(inherited)",
					"@executable_path/Frameworks",
				);
				PRODUCT_BUNDLE_IDENTIFIER = cn.jokerliang.DesignCodeIOS14;
				PRODUCT_NAME = "$(TARGET_NAME)";
				SWIFT_VERSION = 5.0;
				TARGETED_DEVICE_FAMILY = "1,2";
			};
			name = Debug;
		};
		2AD2A125252968CC0028A019 /* Release */ = {
			isa = XCBuildConfiguration;
			buildSettings = {
				ASSETCATALOG_COMPILER_APPICON_NAME = AppIcon;
				ASSETCATALOG_COMPILER_GLOBAL_ACCENT_COLOR_NAME = AccentColor;
				CODE_SIGN_STYLE = Automatic;
				DEVELOPMENT_ASSET_PATHS = "\"DesignCodeIOS14/Preview Content\"";
				DEVELOPMENT_TEAM = 8U9H445R8N;
				ENABLE_PREVIEWS = YES;
				INFOPLIST_FILE = DesignCodeIOS14/Info.plist;
				IPHONEOS_DEPLOYMENT_TARGET = 14.0;
				LD_RUNPATH_SEARCH_PATHS = (
					"$(inherited)",
					"@executable_path/Frameworks",
				);
				PRODUCT_BUNDLE_IDENTIFIER = cn.jokerliang.DesignCodeIOS14;
				PRODUCT_NAME = "$(TARGET_NAME)";
				SWIFT_VERSION = 5.0;
				TARGETED_DEVICE_FAMILY = "1,2";
			};
			name = Release;
		};
		2AD2A127252968CC0028A019 /* Debug */ = {
			isa = XCBuildConfiguration;
			buildSettings = {
				ALWAYS_EMBED_SWIFT_STANDARD_LIBRARIES = YES;
				BUNDLE_LOADER = "$(TEST_HOST)";
				CODE_SIGN_STYLE = Automatic;
				DEVELOPMENT_TEAM = 8U9H445R8N;
				INFOPLIST_FILE = DesignCodeIOS14Tests/Info.plist;
				IPHONEOS_DEPLOYMENT_TARGET = 14.0;
				LD_RUNPATH_SEARCH_PATHS = (
					"$(inherited)",
					"@executable_path/Frameworks",
					"@loader_path/Frameworks",
				);
				PRODUCT_BUNDLE_IDENTIFIER = cn.jokerliang.DesignCodeIOS14Tests;
				PRODUCT_NAME = "$(TARGET_NAME)";
				SWIFT_VERSION = 5.0;
				TARGETED_DEVICE_FAMILY = "1,2";
				TEST_HOST = "$(BUILT_PRODUCTS_DIR)/DesignCodeIOS14.app/DesignCodeIOS14";
			};
			name = Debug;
		};
		2AD2A128252968CC0028A019 /* Release */ = {
			isa = XCBuildConfiguration;
			buildSettings = {
				ALWAYS_EMBED_SWIFT_STANDARD_LIBRARIES = YES;
				BUNDLE_LOADER = "$(TEST_HOST)";
				CODE_SIGN_STYLE = Automatic;
				DEVELOPMENT_TEAM = 8U9H445R8N;
				INFOPLIST_FILE = DesignCodeIOS14Tests/Info.plist;
				IPHONEOS_DEPLOYMENT_TARGET = 14.0;
				LD_RUNPATH_SEARCH_PATHS = (
					"$(inherited)",
					"@executable_path/Frameworks",
					"@loader_path/Frameworks",
				);
				PRODUCT_BUNDLE_IDENTIFIER = cn.jokerliang.DesignCodeIOS14Tests;
				PRODUCT_NAME = "$(TARGET_NAME)";
				SWIFT_VERSION = 5.0;
				TARGETED_DEVICE_FAMILY = "1,2";
				TEST_HOST = "$(BUILT_PRODUCTS_DIR)/DesignCodeIOS14.app/DesignCodeIOS14";
			};
			name = Release;
		};
		2AD2A12A252968CC0028A019 /* Debug */ = {
			isa = XCBuildConfiguration;
			buildSettings = {
				ALWAYS_EMBED_SWIFT_STANDARD_LIBRARIES = YES;
				CODE_SIGN_STYLE = Automatic;
				DEVELOPMENT_TEAM = 8U9H445R8N;
				INFOPLIST_FILE = DesignCodeIOS14UITests/Info.plist;
				LD_RUNPATH_SEARCH_PATHS = (
					"$(inherited)",
					"@executable_path/Frameworks",
					"@loader_path/Frameworks",
				);
				PRODUCT_BUNDLE_IDENTIFIER = cn.jokerliang.DesignCodeIOS14UITests;
				PRODUCT_NAME = "$(TARGET_NAME)";
				SWIFT_VERSION = 5.0;
				TARGETED_DEVICE_FAMILY = "1,2";
				TEST_TARGET_NAME = DesignCodeIOS14;
			};
			name = Debug;
		};
		2AD2A12B252968CC0028A019 /* Release */ = {
			isa = XCBuildConfiguration;
			buildSettings = {
				ALWAYS_EMBED_SWIFT_STANDARD_LIBRARIES = YES;
				CODE_SIGN_STYLE = Automatic;
				DEVELOPMENT_TEAM = 8U9H445R8N;
				INFOPLIST_FILE = DesignCodeIOS14UITests/Info.plist;
				LD_RUNPATH_SEARCH_PATHS = (
					"$(inherited)",
					"@executable_path/Frameworks",
					"@loader_path/Frameworks",
				);
				PRODUCT_BUNDLE_IDENTIFIER = cn.jokerliang.DesignCodeIOS14UITests;
				PRODUCT_NAME = "$(TARGET_NAME)";
				SWIFT_VERSION = 5.0;
				TARGETED_DEVICE_FAMILY = "1,2";
				TEST_TARGET_NAME = DesignCodeIOS14;
			};
			name = Release;
		};
/* End XCBuildConfiguration section */

/* Begin XCConfigurationList section */
		2AD2A0F9252968C90028A019 /* Build configuration list for PBXProject "DesignCodeIOS14" */ = {
			isa = XCConfigurationList;
			buildConfigurations = (
				2AD2A121252968CC0028A019 /* Debug */,
				2AD2A122252968CC0028A019 /* Release */,
			);
			defaultConfigurationIsVisible = 0;
			defaultConfigurationName = Release;
		};
		2AD2A123252968CC0028A019 /* Build configuration list for PBXNativeTarget "DesignCodeIOS14" */ = {
			isa = XCConfigurationList;
			buildConfigurations = (
				2AD2A124252968CC0028A019 /* Debug */,
				2AD2A125252968CC0028A019 /* Release */,
			);
			defaultConfigurationIsVisible = 0;
			defaultConfigurationName = Release;
		};
		2AD2A126252968CC0028A019 /* Build configuration list for PBXNativeTarget "DesignCodeIOS14Tests" */ = {
			isa = XCConfigurationList;
			buildConfigurations = (
				2AD2A127252968CC0028A019 /* Debug */,
				2AD2A128252968CC0028A019 /* Release */,
			);
			defaultConfigurationIsVisible = 0;
			defaultConfigurationName = Release;
		};
		2AD2A129252968CC0028A019 /* Build configuration list for PBXNativeTarget "DesignCodeIOS14UITests" */ = {
			isa = XCConfigurationList;
			buildConfigurations = (
				2AD2A12A252968CC0028A019 /* Debug */,
				2AD2A12B252968CC0028A019 /* Release */,
			);
			defaultConfigurationIsVisible = 0;
			defaultConfigurationName = Release;
		};
/* End XCConfigurationList section */
	};
	rootObject = 2AD2A0F6252968C90028A019 /* Project object */;
}
